
Microsoft Visual Studio Solution File, Format Version 12.00
# Visual Studio Version 17
VisualStudioVersion = 17.14.36310.24
MinimumVisualStudioVersion = 10.0.40219.1
Project("{FAE04EC0-301F-11D3-BF4B-00C04F79EFBC}") = "HackerNewsAPI", "HackerNewsAPI\HackerNewsAPI.csproj", "{4505FCD0-0013-4BA8-B142-D76BB2864FD4}"
EndProject
Project("{FAE04EC0-301F-11D3-BF4B-00C04F79EFBC}") = "HackerNewsApi.Test", "HackerNewsApi.Test\HackerNewsApi.Test.csproj", "{1EB8C5B2-7FDF-A676-C045-364CC687DFEC}"
EndProject
Global
	GlobalSection(SolutionConfigurationPlatforms) = preSolution
		Debug|Any CPU = Debug|Any CPU
		Release|Any CPU = Release|Any CPU
	EndGlobalSection
	GlobalSection(ProjectConfigurationPlatforms) = postSolution
		{4505FCD0-0013-4BA8-B142-D76BB2864FD4}.Debug|Any CPU.ActiveCfg = Debug|Any CPU
		{4505FCD0-0013-4BA8-B142-D76BB2864FD4}.Debug|Any CPU.Build.0 = Debug|Any CPU
		{4505FCD0-0013-4BA8-B142-D76BB2864FD4}.Release|Any CPU.ActiveCfg = Release|Any CPU
		{4505FCD0-0013-4BA8-B142-D76BB2864FD4}.Release|Any CPU.Build.0 = Release|Any CPU
		{1EB8C5B2-7FDF-A676-C045-364CC687DFEC}.Debug|Any CPU.ActiveCfg = Debug|Any CPU
		{1EB8C5B2-7FDF-A676-C045-364CC687DFEC}.Debug|Any CPU.Build.0 = Debug|Any CPU
		{1EB8C5B2-7FDF-A676-C045-364CC687DFEC}.Release|Any CPU.ActiveCfg = Release|Any CPU
		{1EB8C5B2-7FDF-A676-C045-364CC687DFEC}.Release|Any CPU.Build.0 = Release|Any CPU
	EndGlobalSection
	GlobalSection(SolutionProperties) = preSolution
		HideSolutionNode = FALSE
	EndGlobalSection
	GlobalSection(ExtensibilityGlobals) = postSolution
		SolutionGuid = {50C416A8-5588-4C91-BE92-E3FC335B59B8}
	EndGlobalSection
EndGlobal
